
Microsoft Visual Studio Solution File, Format Version 12.00
# Visual Studio Version 17
VisualStudioVersion = 17.8.34330.188
MinimumVisualStudioVersion = 10.0.40219.1
Project("{9A19103F-16F7-4668-BE54-9A1E7A4F7556}") = "DataTemplator.Api", "DataTemplator.Api\DataTemplator.Api.csproj", "{A2938E54-E354-496D-8C57-FA4625EF96C9}"
EndProject
Project("{9A19103F-16F7-4668-BE54-9A1E7A4F7556}") = "DataTemplator.Application", "DataTemplator.Application\DataTemplator.Application.csproj", "{2E83EE6E-A6E4-4A55-BE0B-368BF91FDD03}"
EndProject
Project("{FAE04EC0-301F-11D3-BF4B-00C04F79EFBC}") = "DataTemplator.API.IntegrationTests", "DataTemplator.API.IntegrationTests\DataTemplator.API.IntegrationTests.csproj", "{B0ED285F-1A4C-4A08-8A20-F79DF71407B6}"
EndProject
Project("{FAE04EC0-301F-11D3-BF4B-00C04F79EFBC}") = "DataTemplator.Application.UnitTests", "DataTemplator.Application.UnitTests\DataTemplator.Application.UnitTests.csproj", "{F6AA20B4-BE56-400F-AB7A-D4FD34CFA1BE}"
EndProject
Global
	GlobalSection(SolutionConfigurationPlatforms) = preSolution
		Debug|Any CPU = Debug|Any CPU
		Release|Any CPU = Release|Any CPU
	EndGlobalSection
	GlobalSection(ProjectConfigurationPlatforms) = postSolution
		{A2938E54-E354-496D-8C57-FA4625EF96C9}.Debug|Any CPU.ActiveCfg = Debug|Any CPU
		{A2938E54-E354-496D-8C57-FA4625EF96C9}.Debug|Any CPU.Build.0 = Debug|Any CPU
		{A2938E54-E354-496D-8C57-FA4625EF96C9}.Release|Any CPU.ActiveCfg = Release|Any CPU
		{A2938E54-E354-496D-8C57-FA4625EF96C9}.Release|Any CPU.Build.0 = Release|Any CPU
		{2E83EE6E-A6E4-4A55-BE0B-368BF91FDD03}.Debug|Any CPU.ActiveCfg = Debug|Any CPU
		{2E83EE6E-A6E4-4A55-BE0B-368BF91FDD03}.Debug|Any CPU.Build.0 = Debug|Any CPU
		{2E83EE6E-A6E4-4A55-BE0B-368BF91FDD03}.Release|Any CPU.ActiveCfg = Release|Any CPU
		{2E83EE6E-A6E4-4A55-BE0B-368BF91FDD03}.Release|Any CPU.Build.0 = Release|Any CPU
		{B0ED285F-1A4C-4A08-8A20-F79DF71407B6}.Debug|Any CPU.ActiveCfg = Debug|Any CPU
		{B0ED285F-1A4C-4A08-8A20-F79DF71407B6}.Debug|Any CPU.Build.0 = Debug|Any CPU
		{B0ED285F-1A4C-4A08-8A20-F79DF71407B6}.Release|Any CPU.ActiveCfg = Release|Any CPU
		{B0ED285F-1A4C-4A08-8A20-F79DF71407B6}.Release|Any CPU.Build.0 = Release|Any CPU
		{F6AA20B4-BE56-400F-AB7A-D4FD34CFA1BE}.Debug|Any CPU.ActiveCfg = Debug|Any CPU
		{F6AA20B4-BE56-400F-AB7A-D4FD34CFA1BE}.Debug|Any CPU.Build.0 = Debug|Any CPU
		{F6AA20B4-BE56-400F-AB7A-D4FD34CFA1BE}.Release|Any CPU.ActiveCfg = Release|Any CPU
		{F6AA20B4-BE56-400F-AB7A-D4FD34CFA1BE}.Release|Any CPU.Build.0 = Release|Any CPU
	EndGlobalSection
	GlobalSection(SolutionProperties) = preSolution
		HideSolutionNode = FALSE
	EndGlobalSection
	GlobalSection(ExtensibilityGlobals) = postSolution
		SolutionGuid = {36F5E9F7-91CB-49D0-8C57-3080421BF791}
	EndGlobalSection
EndGlobal
